
Microsoft Visual Studio Solution File, Format Version 12.00
# Visual Studio Version 16
VisualStudioVersion = 16.0.29306.81
MinimumVisualStudioVersion = 10.0.40219.1
Project("{9A19103F-16F7-4668-BE54-9A1E7A4F7556}") = "ICT3101_Calculator", "ICT3101_Calculator\ICT3101_Calculator.csproj", "{9CDFDC86-F3CF-4E98-AC49-A103A67B91E2}"
EndProject
Project("{9A19103F-16F7-4668-BE54-9A1E7A4F7556}") = "ICT3101_Calculator.UnitTests", "ICT3101_Calculator.UnitTests\ICT3101_Calculator.UnitTests.csproj", "{91ECC348-117C-4C54-BBF0-59D40911CAF7}"
EndProject
Global
	GlobalSection(SolutionConfigurationPlatforms) = preSolution
		Debug|Any CPU = Debug|Any CPU
		Release|Any CPU = Release|Any CPU
	EndGlobalSection
	GlobalSection(ProjectConfigurationPlatforms) = postSolution
		{9CDFDC86-F3CF-4E98-AC49-A103A67B91E2}.Debug|Any CPU.ActiveCfg = Debug|Any CPU
		{9CDFDC86-F3CF-4E98-AC49-A103A67B91E2}.Debug|Any CPU.Build.0 = Debug|Any CPU
		{9CDFDC86-F3CF-4E98-AC49-A103A67B91E2}.Release|Any CPU.ActiveCfg = Release|Any CPU
		{9CDFDC86-F3CF-4E98-AC49-A103A67B91E2}.Release|Any CPU.Build.0 = Release|Any CPU
		{91ECC348-117C-4C54-BBF0-59D40911CAF7}.Debug|Any CPU.ActiveCfg = Debug|Any CPU
		{91ECC348-117C-4C54-BBF0-59D40911CAF7}.Debug|Any CPU.Build.0 = Debug|Any CPU
		{91ECC348-117C-4C54-BBF0-59D40911CAF7}.Release|Any CPU.ActiveCfg = Release|Any CPU
		{91ECC348-117C-4C54-BBF0-59D40911CAF7}.Release|Any CPU.Build.0 = Release|Any CPU
	EndGlobalSection
	GlobalSection(SolutionProperties) = preSolution
		HideSolutionNode = FALSE
	EndGlobalSection
	GlobalSection(ExtensibilityGlobals) = postSolution
		SolutionGuid = {1931F7D1-4422-4CF5-ACA7-9B0B7E3849D7}
	EndGlobalSection
EndGlobal
